
Microsoft Visual Studio Solution File, Format Version 12.00
# Visual Studio Version 17
VisualStudioVersion = 17.3.32825.248
MinimumVisualStudioVersion = 10.0.40219.1
Project("{FAE04EC0-301F-11D3-BF4B-00C04F79EFBC}") = "BudgetBasaDate", "BudgetBasaDate\BudgetBasaDate.csproj", "{49886D2B-A855-4F9F-9BB8-6A52929F1928}"
EndProject
Global
	GlobalSection(SolutionConfigurationPlatforms) = preSolution
		Debug|Any CPU = Debug|Any CPU
		Release|Any CPU = Release|Any CPU
	EndGlobalSection
	GlobalSection(ProjectConfigurationPlatforms) = postSolution
		{49886D2B-A855-4F9F-9BB8-6A52929F1928}.Debug|Any CPU.ActiveCfg = Debug|Any CPU
		{49886D2B-A855-4F9F-9BB8-6A52929F1928}.Debug|Any CPU.Build.0 = Debug|Any CPU
		{49886D2B-A855-4F9F-9BB8-6A52929F1928}.Release|Any CPU.ActiveCfg = Release|Any CPU
		{49886D2B-A855-4F9F-9BB8-6A52929F1928}.Release|Any CPU.Build.0 = Release|Any CPU
	EndGlobalSection
	GlobalSection(SolutionProperties) = preSolution
		HideSolutionNode = FALSE
	EndGlobalSection
	GlobalSection(ExtensibilityGlobals) = postSolution
		SolutionGuid = {D2B367F3-1DD8-4053-9EA3-ED4FB7D00A83}
	EndGlobalSection
EndGlobal
